
Microsoft Visual Studio Solution File, Format Version 12.00
# Visual Studio 14
VisualStudioVersion = 14.0.25123.0
MinimumVisualStudioVersion = 10.0.40219.1
Project("{8BC9CEB8-8B4A-11D0-8D11-00A0C91BC942}") = "Driver Loader", "Driver Loader\Driver Loader.vcxproj", "{88CDB5B8-7128-469E-B2FC-43B101B986B4}"
EndProject
Project("{8BC9CEB8-8B4A-11D0-8D11-00A0C91BC942}") = "Process Info", "Process Info\Process Info.vcxproj", "{C59524DE-962F-464D-B6EB-DDC8E12C3329}"
EndProject
Project("{8BC9CEB8-8B4A-11D0-8D11-00A0C91BC942}") = "Driver Test", "Driver Test\Driver Test.vcxproj", "{12716BB9-F5C6-413D-B030-0329D1521DE0}"
EndProject
Project("{FAE04EC0-301F-11D3-BF4B-00C04F79EFBC}") = "TaskManagerUI", "TaskManagerUI\TaskManagerUI.csproj", "{002A3A73-7C7F-4226-9B90-2E8C9B7ED547}"
EndProject
Global
	GlobalSection(SolutionConfigurationPlatforms) = preSolution
		Debug|Any CPU = Debug|Any CPU
		Debug|ARM = Debug|ARM
		Debug|ARM64 = Debug|ARM64
		Debug|x64 = Debug|x64
		Debug|x86 = Debug|x86
		Release|Any CPU = Release|Any CPU
		Release|ARM = Release|ARM
		Release|ARM64 = Release|ARM64
		Release|x64 = Release|x64
		Release|x86 = Release|x86
	EndGlobalSection
	GlobalSection(ProjectConfigurationPlatforms) = postSolution
		{88CDB5B8-7128-469E-B2FC-43B101B986B4}.Debug|Any CPU.ActiveCfg = Debug|Win32
		{88CDB5B8-7128-469E-B2FC-43B101B986B4}.Debug|ARM.ActiveCfg = Debug|Win32
		{88CDB5B8-7128-469E-B2FC-43B101B986B4}.Debug|ARM64.ActiveCfg = Debug|Win32
		{88CDB5B8-7128-469E-B2FC-43B101B986B4}.Debug|x64.ActiveCfg = Debug|x64
		{88CDB5B8-7128-469E-B2FC-43B101B986B4}.Debug|x64.Build.0 = Debug|x64
		{88CDB5B8-7128-469E-B2FC-43B101B986B4}.Debug|x86.ActiveCfg = Debug|Win32
		{88CDB5B8-7128-469E-B2FC-43B101B986B4}.Debug|x86.Build.0 = Debug|Win32
		{88CDB5B8-7128-469E-B2FC-43B101B986B4}.Release|Any CPU.ActiveCfg = Release|Win32
		{88CDB5B8-7128-469E-B2FC-43B101B986B4}.Release|ARM.ActiveCfg = Release|Win32
		{88CDB5B8-7128-469E-B2FC-43B101B986B4}.Release|ARM64.ActiveCfg = Release|Win32
		{88CDB5B8-7128-469E-B2FC-43B101B986B4}.Release|x64.ActiveCfg = Release|x64
		{88CDB5B8-7128-469E-B2FC-43B101B986B4}.Release|x64.Build.0 = Release|x64
		{88CDB5B8-7128-469E-B2FC-43B101B986B4}.Release|x86.ActiveCfg = Release|Win32
		{88CDB5B8-7128-469E-B2FC-43B101B986B4}.Release|x86.Build.0 = Release|Win32
		{C59524DE-962F-464D-B6EB-DDC8E12C3329}.Debug|Any CPU.ActiveCfg = Debug|Win32
		{C59524DE-962F-464D-B6EB-DDC8E12C3329}.Debug|ARM.ActiveCfg = Debug|ARM
		{C59524DE-962F-464D-B6EB-DDC8E12C3329}.Debug|ARM.Build.0 = Debug|ARM
		{C59524DE-962F-464D-B6EB-DDC8E12C3329}.Debug|ARM.Deploy.0 = Debug|ARM
		{C59524DE-962F-464D-B6EB-DDC8E12C3329}.Debug|ARM64.ActiveCfg = Debug|ARM64
		{C59524DE-962F-464D-B6EB-DDC8E12C3329}.Debug|ARM64.Build.0 = Debug|ARM64
		{C59524DE-962F-464D-B6EB-DDC8E12C3329}.Debug|ARM64.Deploy.0 = Debug|ARM64
		{C59524DE-962F-464D-B6EB-DDC8E12C3329}.Debug|x64.ActiveCfg = Debug|x64
		{C59524DE-962F-464D-B6EB-DDC8E12C3329}.Debug|x64.Build.0 = Debug|x64
		{C59524DE-962F-464D-B6EB-DDC8E12C3329}.Debug|x64.Deploy.0 = Debug|x64
		{C59524DE-962F-464D-B6EB-DDC8E12C3329}.Debug|x86.ActiveCfg = Debug|Win32
		{C59524DE-962F-464D-B6EB-DDC8E12C3329}.Debug|x86.Build.0 = Debug|Win32
		{C59524DE-962F-464D-B6EB-DDC8E12C3329}.Debug|x86.Deploy.0 = Debug|Win32
		{C59524DE-962F-464D-B6EB-DDC8E12C3329}.Release|Any CPU.ActiveCfg = Release|Win32
		{C59524DE-962F-464D-B6EB-DDC8E12C3329}.Release|ARM.ActiveCfg = Release|ARM
		{C59524DE-962F-464D-B6EB-DDC8E12C3329}.Release|ARM.Build.0 = Release|ARM
		{C59524DE-962F-464D-B6EB-DDC8E12C3329}.Release|ARM.Deploy.0 = Release|ARM
		{C59524DE-962F-464D-B6EB-DDC8E12C3329}.Release|ARM64.ActiveCfg = Release|ARM64
		{C59524DE-962F-464D-B6EB-DDC8E12C3329}.Release|ARM64.Build.0 = Release|ARM64
		{C59524DE-962F-464D-B6EB-DDC8E12C3329}.Release|ARM64.Deploy.0 = Release|ARM64
		{C59524DE-962F-464D-B6EB-DDC8E12C3329}.Release|x64.ActiveCfg = Release|x64
		{C59524DE-962F-464D-B6EB-DDC8E12C3329}.Release|x64.Build.0 = Release|x64
		{C59524DE-962F-464D-B6EB-DDC8E12C3329}.Release|x64.Deploy.0 = Release|x64
		{C59524DE-962F-464D-B6EB-DDC8E12C3329}.Release|x86.ActiveCfg = Release|Win32
		{C59524DE-962F-464D-B6EB-DDC8E12C3329}.Release|x86.Build.0 = Release|Win32
		{C59524DE-962F-464D-B6EB-DDC8E12C3329}.Release|x86.Deploy.0 = Release|Win32
		{12716BB9-F5C6-413D-B030-0329D1521DE0}.Debug|Any CPU.ActiveCfg = Debug|Win32
		{12716BB9-F5C6-413D-B030-0329D1521DE0}.Debug|ARM.ActiveCfg = Debug|Win32
		{12716BB9-F5C6-413D-B030-0329D1521DE0}.Debug|ARM64.ActiveCfg = Debug|Win32
		{12716BB9-F5C6-413D-B030-0329D1521DE0}.Debug|x64.ActiveCfg = Debug|x64
		{12716BB9-F5C6-413D-B030-0329D1521DE0}.Debug|x64.Build.0 = Debug|x64
		{12716BB9-F5C6-413D-B030-0329D1521DE0}.Debug|x86.ActiveCfg = Debug|Win32
		{12716BB9-F5C6-413D-B030-0329D1521DE0}.Debug|x86.Build.0 = Debug|Win32
		{12716BB9-F5C6-413D-B030-0329D1521DE0}.Release|Any CPU.ActiveCfg = Release|Win32
		{12716BB9-F5C6-413D-B030-0329D1521DE0}.Release|ARM.ActiveCfg = Release|Win32
		{12716BB9-F5C6-413D-B030-0329D1521DE0}.Release|ARM64.ActiveCfg = Release|Win32
		{12716BB9-F5C6-413D-B030-0329D1521DE0}.Release|x64.ActiveCfg = Release|x64
		{12716BB9-F5C6-413D-B030-0329D1521DE0}.Release|x64.Build.0 = Release|x64
		{12716BB9-F5C6-413D-B030-0329D1521DE0}.Release|x86.ActiveCfg = Release|Win32
		{12716BB9-F5C6-413D-B030-0329D1521DE0}.Release|x86.Build.0 = Release|Win32
		{002A3A73-7C7F-4226-9B90-2E8C9B7ED547}.Debug|Any CPU.ActiveCfg = Debug|Any CPU
		{002A3A73-7C7F-4226-9B90-2E8C9B7ED547}.Debug|Any CPU.Build.0 = Debug|Any CPU
		{002A3A73-7C7F-4226-9B90-2E8C9B7ED547}.Debug|ARM.ActiveCfg = Debug|Any CPU
		{002A3A73-7C7F-4226-9B90-2E8C9B7ED547}.Debug|ARM.Build.0 = Debug|Any CPU
		{002A3A73-7C7F-4226-9B90-2E8C9B7ED547}.Debug|ARM64.ActiveCfg = Debug|Any CPU
		{002A3A73-7C7F-4226-9B90-2E8C9B7ED547}.Debug|ARM64.Build.0 = Debug|Any CPU
		{002A3A73-7C7F-4226-9B90-2E8C9B7ED547}.Debug|x64.ActiveCfg = Debug|Any CPU
		{002A3A73-7C7F-4226-9B90-2E8C9B7ED547}.Debug|x64.Build.0 = Debug|Any CPU
		{002A3A73-7C7F-4226-9B90-2E8C9B7ED547}.Debug|x86.ActiveCfg = Debug|Any CPU
		{002A3A73-7C7F-4226-9B90-2E8C9B7ED547}.Debug|x86.Build.0 = Debug|Any CPU
		{002A3A73-7C7F-4226-9B90-2E8C9B7ED547}.Release|Any CPU.ActiveCfg = Release|Any CPU
		{002A3A73-7C7F-4226-9B90-2E8C9B7ED547}.Release|Any CPU.Build.0 = Release|Any CPU
		{002A3A73-7C7F-4226-9B90-2E8C9B7ED547}.Release|ARM.ActiveCfg = Release|Any CPU
		{002A3A73-7C7F-4226-9B90-2E8C9B7ED547}.Release|ARM.Build.0 = Release|Any CPU
		{002A3A73-7C7F-4226-9B90-2E8C9B7ED547}.Release|ARM64.ActiveCfg = Release|Any CPU
		{002A3A73-7C7F-4226-9B90-2E8C9B7ED547}.Release|ARM64.Build.0 = Release|Any CPU
		{002A3A73-7C7F-4226-9B90-2E8C9B7ED547}.Release|x64.ActiveCfg = Release|Any CPU
		{002A3A73-7C7F-4226-9B90-2E8C9B7ED547}.Release|x64.Build.0 = Release|Any CPU
		{002A3A73-7C7F-4226-9B90-2E8C9B7ED547}.Release|x86.ActiveCfg = Release|Any CPU
		{002A3A73-7C7F-4226-9B90-2E8C9B7ED547}.Release|x86.Build.0 = Release|Any CPU
	EndGlobalSection
	GlobalSection(SolutionProperties) = preSolution
		HideSolutionNode = FALSE
	EndGlobalSection
	GlobalSection(ExtensibilityGlobals) = postSolution
		SolutionGuid = {8E7B193F-8807-424B-8B20-C9E22F247026}
	EndGlobalSection
EndGlobal
